{
  "nodes": {
    "nixpkgs": {
      "locked": {
        "lastModified": 1629834317,
        "narHash": "sha256-NSsIlBnrNbN6wj6getlB/jqNFm9W7CQml8/vrfj0MaU=",
        "owner": "NixOS",
        "repo": "nixpkgs",
        "rev": "adc409264c528b93cd4fb018825ff5ec62b17568",
        "type": "github"
      },
      "original": {
        "owner": "NixOS",
        "repo": "nixpkgs",
        "type": "github"
      }
    },
    "pymilter-1_0_4": {
      "flake": false,
      "locked": {
        "lastModified": 1555542470,
        "narHash": "sha256-2EdoLweSyuwGmUFHdXmPFWNopQXKyzk25E5DrjuNEoE=",
        "owner": "ngi-nix",
        "repo": "pymilter",
        "rev": "10fdccf3668d7538c3a5e50d48cabc90e7d9924a",
        "type": "github"
      },
      "original": {
        "owner": "ngi-nix",
        "ref": "pymilter-1.0.4",
        "repo": "pymilter",
        "type": "github"
      }
    },
    "pymilter-default-nix": {
      "inputs": {
        "nixpkgs": "nixpkgs"
      },
      "locked": {
        "lastModified": 1629836021,
        "narHash": "sha256-bSrP1k6QBnNWoBcZYtLDrwreOttjBlOYNrazPELzbrA=",
        "owner": "ngi-nix",
        "repo": "pymilter",
        "rev": "4f4b70f3a69f16e28d2c9640e32831b9c3a3b566",
        "type": "github"
      },
      "original": {
        "owner": "ngi-nix",
        "repo": "pymilter",
        "type": "github"
      }
    },
    "root": {
      "inputs": {
        "nixpkgs": [
          "pymilter-default-nix",
          "nixpkgs"
        ],
        "pymilter-1_0_4": "pymilter-1_0_4",
        "pymilter-default-nix": "pymilter-default-nix"
      }
    }
  },
  "root": "root",
  "version": 7
}
