{
  "nodes": {
    "nixpkgs": {
      "locked": {
        "lastModified": 1629897889,
        "narHash": "sha256-YoY/umk+NUtLFJgvTJkup6nLJb+sGEZ21hrupKTp7EI=",
        "owner": "NixOS",
        "repo": "nixpkgs",
        "rev": "6248814b6892af7dc0cf973b49690fd102088e02",
        "type": "github"
      },
      "original": {
        "owner": "NixOS",
        "repo": "nixpkgs",
        "type": "github"
      }
    },
    "pymilter": {
      "inputs": {
        "nixpkgs": "nixpkgs"
      },
      "locked": {
        "lastModified": 1629899919,
        "narHash": "sha256-yvLvse6xS5yLsAqChlMFqN22qz3If+WbfPqxkEeN6k0=",
        "owner": "ngi-nix",
        "repo": "pymilter",
        "rev": "6b0a5140117c41a77e6616fb5520d976f296ce94",
        "type": "github"
      },
      "original": {
        "owner": "ngi-nix",
        "ref": "pymilter-1.0.4",
        "repo": "pymilter",
        "type": "github"
      }
    },
    "root": {
      "inputs": {
        "nixpkgs": [
          "pymilter",
          "nixpkgs"
        ],
        "pymilter": "pymilter"
      }
    }
  },
  "root": "root",
  "version": 7
}
