{
  "nodes": {
    "nixpkgs": {
      "locked": {
        "lastModified": 1629897889,
        "narHash": "sha256-YoY/umk+NUtLFJgvTJkup6nLJb+sGEZ21hrupKTp7EI=",
        "owner": "NixOS",
        "repo": "nixpkgs",
        "rev": "6248814b6892af7dc0cf973b49690fd102088e02",
        "type": "github"
      },
      "original": {
        "owner": "NixOS",
        "repo": "nixpkgs",
        "type": "github"
      }
    },
    "pymilter": {
      "inputs": {
        "nixpkgs": "nixpkgs"
      },
      "locked": {
        "lastModified": 1630577324,
        "narHash": "sha256-sNPhC4vHuGhI9i1tIIi/vCtWLUtp2U5cmAxN6r0C9Ro=",
        "owner": "ngi-nix",
        "repo": "pymilter",
        "rev": "c6eeb16c86225729aec4ba9cad41a6ab2c525f9e",
        "type": "github"
      },
      "original": {
        "owner": "ngi-nix",
        "ref": "pymilter-1.0.4",
        "repo": "pymilter",
        "type": "github"
      }
    },
    "root": {
      "inputs": {
        "nixpkgs": [
          "pymilter",
          "nixpkgs"
        ],
        "pymilter": "pymilter"
      }
    }
  },
  "root": "root",
  "version": 7
}
